{
  "version": 4,
  "terraform_version": "1.0.8",
  "serial": 12,
  "lineage": "422d7555-42ed-d9ea-c632-d3a224ce7e0a",
  "outputs": {},
  "resources": [
    {
      "mode": "data",
      "type": "azurerm_image",
      "name": "AnsibleLinux",
      "provider": "provider[\"registry.terraform.io/hashicorp/azurerm\"]",
      "instances": [
        {
          "schema_version": 0,
          "attributes": {
            "data_disk": [],
            "id": "/subscriptions/9dc6b762-c8ca-4625-bcca-14f73ae7f41c/resourceGroups/Test/providers/Microsoft.Compute/images/AnsibleImage",
            "location": "eastus",
            "name": "AnsibleImage",
            "name_regex": null,
            "os_disk": [
              {
                "blob_uri": "",
                "caching": "ReadWrite",
                "managed_disk_id": "/subscriptions/9dc6b762-c8ca-4625-bcca-14f73ae7f41c/resourceGroups/pkr-Resource-Group-wrtyj88d6f/providers/Microsoft.Compute/disks/pkroswrtyj88d6f",
                "os_state": "Generalized",
                "os_type": "Linux",
                "size_gb": 30
              }
            ],
            "resource_group_name": "Test",
            "sort_descending": false,
            "tags": {
              "dept": "Packer",
              "task": "PackerImage"
            },
            "timeouts": null,
            "zone_resilient": false
          },
          "sensitive_attributes": []
        }
      ]
    },
    {
      "mode": "data",
      "type": "azurerm_image",
      "name": "Linux",
      "provider": "provider[\"registry.terraform.io/hashicorp/azurerm\"]",
      "instances": [
        {
          "schema_version": 0,
          "attributes": {
            "data_disk": [],
            "id": "/subscriptions/9dc6b762-c8ca-4625-bcca-14f73ae7f41c/resourceGroups/Test/providers/Microsoft.Compute/images/LinuxImage",
            "location": "eastus",
            "name": "LinuxImage",
            "name_regex": null,
            "os_disk": [
              {
                "blob_uri": "",
                "caching": "ReadWrite",
                "managed_disk_id": "/subscriptions/9dc6b762-c8ca-4625-bcca-14f73ae7f41c/resourceGroups/pkr-Resource-Group-xo1v8jozrn/providers/Microsoft.Compute/disks/pkrosxo1v8jozrn",
                "os_state": "Generalized",
                "os_type": "Linux",
                "size_gb": 30
              }
            ],
            "resource_group_name": "Test",
            "sort_descending": false,
            "tags": {
              "dept": "Packer",
              "task": "PackerImage"
            },
            "timeouts": null,
            "zone_resilient": false
          },
          "sensitive_attributes": []
        }
      ]
    },
    {
      "mode": "managed",
      "type": "azurerm_linux_virtual_machine",
      "name": "example_AnsibleLinux_vm",
      "provider": "provider[\"registry.terraform.io/hashicorp/azurerm\"]",
      "instances": [
        {
          "schema_version": 0,
          "attributes": {
            "additional_capabilities": [],
            "admin_password": null,
            "admin_ssh_key": [
              {
                "public_key": "ssh-rsa AAAAB3NzaC1yc2EAAAADAQABAAABgQCpsIHoc7MVugU0uGn2mbTTqs6VGQ+D/4Kf5Mg7tsBaLi0tXRAnzNUefZt3R1LiTR54z/16tJisi3pFiRtMRSwoJddKdgFTP2c9FN8iJfaT0jdJMB1Mfptb0scTm6wWd7MQ/bCfcT4UIyiMcmK1sbSVLxzPIgYTMJG88sJ0+yHPM9DZj2uoFxG+60l4dp+uN9SvmV3EyE+gv8/Tg07Ix3UVAitq+8FvUi+TBXiQ7AZu46zAuXv+5ZVPEJ3hQ/G1Znii1QR7SBFaE7LVW7Ost2ApC/dbVaA+pjMXKmoiZA2Sg2FMQbYskwPDtmBxYrrUYOKgTdWskiSwF3FRsuEeEUGXKmPQB5QL396XNGie3X6pNqQyHGl/OxLV3j4w84EYbxyBkCTXGy7ptXvFpjXvN2V1KuBURIr3fPJAqpcMXqW/v95KBX9QXGwOU9K8Kwr9JsZmMK4l9+xiXh//7ITVt8ti+OZqXBgvebooWIJY84S3WXnnwU09qK+5RziMZLWRB1E= generated-by-azure\n\n",
                "username": "surendra"
              }
            ],
            "admin_username": "surendra",
            "allow_extension_operations": true,
            "availability_set_id": "",
            "boot_diagnostics": [],
            "computer_name": "RgOne-AnsibleLinuxVM",
            "custom_data": null,
            "dedicated_host_id": "",
            "disable_password_authentication": true,
            "encryption_at_host_enabled": false,
            "eviction_policy": "",
            "extensions_time_budget": "PT1H30M",
            "id": "/subscriptions/9dc6b762-c8ca-4625-bcca-14f73ae7f41c/resourceGroups/RgOne-RG/providers/Microsoft.Compute/virtualMachines/RgOne-AnsibleLinuxVM",
            "identity": [],
            "license_type": "",
            "location": "eastus",
            "max_bid_price": -1,
            "name": "RgOne-AnsibleLinuxVM",
            "network_interface_ids": [
              "/subscriptions/9dc6b762-c8ca-4625-bcca-14f73ae7f41c/resourceGroups/RgOne-RG/providers/Microsoft.Network/networkInterfaces/RgOne-01-NIC"
            ],
            "os_disk": [
              {
                "caching": "ReadWrite",
                "diff_disk_settings": [],
                "disk_encryption_set_id": "",
                "disk_size_gb": 30,
                "name": "RgOne-AnsibleLinuxVM_disk1_f463ff81ff4544efba8b7e2958b59c27",
                "storage_account_type": "Standard_LRS",
                "write_accelerator_enabled": false
              }
            ],
            "plan": [],
            "platform_fault_domain": -1,
            "priority": "Regular",
            "private_ip_address": "10.0.2.5",
            "private_ip_addresses": [
              "10.0.2.5"
            ],
            "provision_vm_agent": true,
            "proximity_placement_group_id": "",
            "public_ip_address": "40.71.45.88",
            "public_ip_addresses": [
              "40.71.45.88"
            ],
            "resource_group_name": "RgOne-RG",
            "secret": [],
            "size": "Standard_DS2_v2",
            "source_image_id": "/subscriptions/9dc6b762-c8ca-4625-bcca-14f73ae7f41c/resourceGroups/Test/providers/Microsoft.Compute/images/AnsibleImage",
            "source_image_reference": [],
            "tags": null,
            "timeouts": null,
            "virtual_machine_id": "c936252a-fa85-4e1a-82cd-bb2fcf8eddc1",
            "virtual_machine_scale_set_id": "",
            "zone": ""
          },
          "sensitive_attributes": [],
          "private": "eyJlMmJmYjczMC1lY2FhLTExZTYtOGY4OC0zNDM2M2JjN2M0YzAiOnsiY3JlYXRlIjoyNzAwMDAwMDAwMDAwLCJkZWxldGUiOjI3MDAwMDAwMDAwMDAsInJlYWQiOjMwMDAwMDAwMDAwMCwidXBkYXRlIjoyNzAwMDAwMDAwMDAwfX0=",
          "dependencies": [
            "azurerm_linux_virtual_machine.example_linux_vm",
            "azurerm_network_interface.example_nic",
            "azurerm_public_ip.example_public_ip",
            "azurerm_resource_group.example_rg",
            "azurerm_subnet.example_subnet",
            "azurerm_virtual_network.example_vnet",
            "data.azurerm_image.AnsibleLinux",
            "data.azurerm_image.Linux"
          ]
        }
      ]
    },
    {
      "mode": "managed",
      "type": "azurerm_linux_virtual_machine",
      "name": "example_linux_vm",
      "provider": "provider[\"registry.terraform.io/hashicorp/azurerm\"]",
      "instances": [
        {
          "schema_version": 0,
          "attributes": {
            "additional_capabilities": [],
            "admin_password": null,
            "admin_ssh_key": [
              {
                "public_key": "ssh-rsa AAAAB3NzaC1yc2EAAAADAQABAAABgQCpsIHoc7MVugU0uGn2mbTTqs6VGQ+D/4Kf5Mg7tsBaLi0tXRAnzNUefZt3R1LiTR54z/16tJisi3pFiRtMRSwoJddKdgFTP2c9FN8iJfaT0jdJMB1Mfptb0scTm6wWd7MQ/bCfcT4UIyiMcmK1sbSVLxzPIgYTMJG88sJ0+yHPM9DZj2uoFxG+60l4dp+uN9SvmV3EyE+gv8/Tg07Ix3UVAitq+8FvUi+TBXiQ7AZu46zAuXv+5ZVPEJ3hQ/G1Znii1QR7SBFaE7LVW7Ost2ApC/dbVaA+pjMXKmoiZA2Sg2FMQbYskwPDtmBxYrrUYOKgTdWskiSwF3FRsuEeEUGXKmPQB5QL396XNGie3X6pNqQyHGl/OxLV3j4w84EYbxyBkCTXGy7ptXvFpjXvN2V1KuBURIr3fPJAqpcMXqW/v95KBX9QXGwOU9K8Kwr9JsZmMK4l9+xiXh//7ITVt8ti+OZqXBgvebooWIJY84S3WXnnwU09qK+5RziMZLWRB1E= generated-by-azure\n\n",
                "username": "surendra"
              }
            ],
            "admin_username": "surendra",
            "allow_extension_operations": true,
            "availability_set_id": "",
            "boot_diagnostics": [],
            "computer_name": "RgOne-LinuxVM",
            "custom_data": null,
            "dedicated_host_id": "",
            "disable_password_authentication": true,
            "encryption_at_host_enabled": false,
            "eviction_policy": "",
            "extensions_time_budget": "PT1H30M",
            "id": "/subscriptions/9dc6b762-c8ca-4625-bcca-14f73ae7f41c/resourceGroups/RgOne-RG/providers/Microsoft.Compute/virtualMachines/RgOne-LinuxVM",
            "identity": [],
            "license_type": "",
            "location": "eastus",
            "max_bid_price": -1,
            "name": "RgOne-LinuxVM",
            "network_interface_ids": [
              "/subscriptions/9dc6b762-c8ca-4625-bcca-14f73ae7f41c/resourceGroups/RgOne-RG/providers/Microsoft.Network/networkInterfaces/RgOne-00-NIC"
            ],
            "os_disk": [
              {
                "caching": "ReadWrite",
                "diff_disk_settings": [],
                "disk_encryption_set_id": "",
                "disk_size_gb": 30,
                "name": "RgOne-LinuxVM_disk1_af691bed60594a33a09ff5ab1759a434",
                "storage_account_type": "Standard_LRS",
                "write_accelerator_enabled": false
              }
            ],
            "plan": [],
            "platform_fault_domain": -1,
            "priority": "Regular",
            "private_ip_address": "10.0.2.4",
            "private_ip_addresses": [
              "10.0.2.4"
            ],
            "provision_vm_agent": true,
            "proximity_placement_group_id": "",
            "public_ip_address": "52.190.56.78",
            "public_ip_addresses": [
              "52.190.56.78"
            ],
            "resource_group_name": "RgOne-RG",
            "secret": [],
            "size": "Standard_DS2_v2",
            "source_image_id": "/subscriptions/9dc6b762-c8ca-4625-bcca-14f73ae7f41c/resourceGroups/Test/providers/Microsoft.Compute/images/LinuxImage",
            "source_image_reference": [],
            "tags": null,
            "timeouts": null,
            "virtual_machine_id": "3d2c2403-decb-4b46-8fa8-c04420f5a612",
            "virtual_machine_scale_set_id": "",
            "zone": ""
          },
          "sensitive_attributes": [],
          "private": "eyJlMmJmYjczMC1lY2FhLTExZTYtOGY4OC0zNDM2M2JjN2M0YzAiOnsiY3JlYXRlIjoyNzAwMDAwMDAwMDAwLCJkZWxldGUiOjI3MDAwMDAwMDAwMDAsInJlYWQiOjMwMDAwMDAwMDAwMCwidXBkYXRlIjoyNzAwMDAwMDAwMDAwfX0=",
          "dependencies": [
            "azurerm_network_interface.example_nic",
            "azurerm_public_ip.example_public_ip",
            "azurerm_resource_group.example_rg",
            "azurerm_subnet.example_subnet",
            "azurerm_virtual_network.example_vnet",
            "data.azurerm_image.Linux"
          ]
        }
      ]
    },
    {
      "mode": "managed",
      "type": "azurerm_network_interface",
      "name": "example_nic",
      "provider": "provider[\"registry.terraform.io/hashicorp/azurerm\"]",
      "instances": [
        {
          "index_key": 0,
          "schema_version": 0,
          "attributes": {
            "applied_dns_servers": [],
            "dns_servers": [],
            "enable_accelerated_networking": false,
            "enable_ip_forwarding": false,
            "id": "/subscriptions/9dc6b762-c8ca-4625-bcca-14f73ae7f41c/resourceGroups/RgOne-RG/providers/Microsoft.Network/networkInterfaces/RgOne-00-NIC",
            "internal_dns_name_label": "",
            "internal_domain_name_suffix": "jms1ar43ndkuxgicw4hlw3zuyc.bx.internal.cloudapp.net",
            "ip_configuration": [
              {
                "name": "internal",
                "primary": true,
                "private_ip_address": "10.0.2.4",
                "private_ip_address_allocation": "Dynamic",
                "private_ip_address_version": "IPv4",
                "public_ip_address_id": "/subscriptions/9dc6b762-c8ca-4625-bcca-14f73ae7f41c/resourceGroups/RgOne-RG/providers/Microsoft.Network/publicIPAddresses/RgOne-00-PublicIP",
                "subnet_id": "/subscriptions/9dc6b762-c8ca-4625-bcca-14f73ae7f41c/resourceGroups/RgOne-RG/providers/Microsoft.Network/virtualNetworks/RgOne-vnet/subnets/RgOne-subnet"
              }
            ],
            "location": "eastus",
            "mac_address": "",
            "name": "RgOne-00-NIC",
            "private_ip_address": "10.0.2.4",
            "private_ip_addresses": [
              "10.0.2.4"
            ],
            "resource_group_name": "RgOne-RG",
            "tags": null,
            "timeouts": null,
            "virtual_machine_id": ""
          },
          "sensitive_attributes": [],
          "private": "eyJlMmJmYjczMC1lY2FhLTExZTYtOGY4OC0zNDM2M2JjN2M0YzAiOnsiY3JlYXRlIjoxODAwMDAwMDAwMDAwLCJkZWxldGUiOjE4MDAwMDAwMDAwMDAsInJlYWQiOjMwMDAwMDAwMDAwMCwidXBkYXRlIjoxODAwMDAwMDAwMDAwfX0=",
          "dependencies": [
            "azurerm_public_ip.example_public_ip",
            "azurerm_resource_group.example_rg",
            "azurerm_subnet.example_subnet",
            "azurerm_virtual_network.example_vnet"
          ]
        },
        {
          "index_key": 1,
          "schema_version": 0,
          "attributes": {
            "applied_dns_servers": [],
            "dns_servers": [],
            "enable_accelerated_networking": false,
            "enable_ip_forwarding": false,
            "id": "/subscriptions/9dc6b762-c8ca-4625-bcca-14f73ae7f41c/resourceGroups/RgOne-RG/providers/Microsoft.Network/networkInterfaces/RgOne-01-NIC",
            "internal_dns_name_label": "",
            "internal_domain_name_suffix": "jms1ar43ndkuxgicw4hlw3zuyc.bx.internal.cloudapp.net",
            "ip_configuration": [
              {
                "name": "internal",
                "primary": true,
                "private_ip_address": "10.0.2.5",
                "private_ip_address_allocation": "Dynamic",
                "private_ip_address_version": "IPv4",
                "public_ip_address_id": "/subscriptions/9dc6b762-c8ca-4625-bcca-14f73ae7f41c/resourceGroups/RgOne-RG/providers/Microsoft.Network/publicIPAddresses/RgOne-01-PublicIP",
                "subnet_id": "/subscriptions/9dc6b762-c8ca-4625-bcca-14f73ae7f41c/resourceGroups/RgOne-RG/providers/Microsoft.Network/virtualNetworks/RgOne-vnet/subnets/RgOne-subnet"
              }
            ],
            "location": "eastus",
            "mac_address": "",
            "name": "RgOne-01-NIC",
            "private_ip_address": "10.0.2.5",
            "private_ip_addresses": [
              "10.0.2.5"
            ],
            "resource_group_name": "RgOne-RG",
            "tags": null,
            "timeouts": null,
            "virtual_machine_id": ""
          },
          "sensitive_attributes": [],
          "private": "eyJlMmJmYjczMC1lY2FhLTExZTYtOGY4OC0zNDM2M2JjN2M0YzAiOnsiY3JlYXRlIjoxODAwMDAwMDAwMDAwLCJkZWxldGUiOjE4MDAwMDAwMDAwMDAsInJlYWQiOjMwMDAwMDAwMDAwMCwidXBkYXRlIjoxODAwMDAwMDAwMDAwfX0=",
          "dependencies": [
            "azurerm_public_ip.example_public_ip",
            "azurerm_resource_group.example_rg",
            "azurerm_subnet.example_subnet",
            "azurerm_virtual_network.example_vnet"
          ]
        }
      ]
    },
    {
      "mode": "managed",
      "type": "azurerm_network_security_group",
      "name": "example_nsg",
      "provider": "provider[\"registry.terraform.io/hashicorp/azurerm\"]",
      "instances": [
        {
          "schema_version": 0,
          "attributes": {
            "id": "/subscriptions/9dc6b762-c8ca-4625-bcca-14f73ae7f41c/resourceGroups/RgOne-RG/providers/Microsoft.Network/networkSecurityGroups/RgOne-NSG",
            "location": "eastus",
            "name": "RgOne-NSG",
            "resource_group_name": "RgOne-RG",
            "security_rule": [
              {
                "access": "Allow",
                "description": "",
                "destination_address_prefix": "*",
                "destination_address_prefixes": [],
                "destination_application_security_group_ids": [],
                "destination_port_range": "*",
                "destination_port_ranges": [],
                "direction": "Inbound",
                "name": "Inbound",
                "priority": 100,
                "protocol": "Tcp",
                "source_address_prefix": "*",
                "source_address_prefixes": [],
                "source_application_security_group_ids": [],
                "source_port_range": "*",
                "source_port_ranges": []
              }
            ],
            "tags": {
              "environment": "Test"
            },
            "timeouts": null
          },
          "sensitive_attributes": [],
          "private": "eyJlMmJmYjczMC1lY2FhLTExZTYtOGY4OC0zNDM2M2JjN2M0YzAiOnsiY3JlYXRlIjoxODAwMDAwMDAwMDAwLCJkZWxldGUiOjE4MDAwMDAwMDAwMDAsInJlYWQiOjMwMDAwMDAwMDAwMCwidXBkYXRlIjoxODAwMDAwMDAwMDAwfX0=",
          "dependencies": [
            "azurerm_resource_group.example_rg"
          ]
        }
      ]
    },
    {
      "mode": "managed",
      "type": "azurerm_public_ip",
      "name": "example_public_ip",
      "provider": "provider[\"registry.terraform.io/hashicorp/azurerm\"]",
      "instances": [
        {
          "index_key": 0,
          "schema_version": 0,
          "attributes": {
            "allocation_method": "Static",
            "availability_zone": "No-Zone",
            "domain_name_label": null,
            "fqdn": null,
            "id": "/subscriptions/9dc6b762-c8ca-4625-bcca-14f73ae7f41c/resourceGroups/RgOne-RG/providers/Microsoft.Network/publicIPAddresses/RgOne-00-PublicIP",
            "idle_timeout_in_minutes": 4,
            "ip_address": "52.190.56.78",
            "ip_tags": null,
            "ip_version": "IPv4",
            "location": "eastus",
            "name": "RgOne-00-PublicIP",
            "public_ip_prefix_id": null,
            "resource_group_name": "RgOne-RG",
            "reverse_fqdn": null,
            "sku": "Basic",
            "sku_tier": "Regional",
            "tags": {
              "environment": "Test"
            },
            "timeouts": null,
            "zones": []
          },
          "sensitive_attributes": [],
          "private": "eyJlMmJmYjczMC1lY2FhLTExZTYtOGY4OC0zNDM2M2JjN2M0YzAiOnsiY3JlYXRlIjoxODAwMDAwMDAwMDAwLCJkZWxldGUiOjE4MDAwMDAwMDAwMDAsInJlYWQiOjMwMDAwMDAwMDAwMCwidXBkYXRlIjoxODAwMDAwMDAwMDAwfX0=",
          "dependencies": [
            "azurerm_resource_group.example_rg"
          ]
        },
        {
          "index_key": 1,
          "schema_version": 0,
          "attributes": {
            "allocation_method": "Static",
            "availability_zone": "No-Zone",
            "domain_name_label": null,
            "fqdn": null,
            "id": "/subscriptions/9dc6b762-c8ca-4625-bcca-14f73ae7f41c/resourceGroups/RgOne-RG/providers/Microsoft.Network/publicIPAddresses/RgOne-01-PublicIP",
            "idle_timeout_in_minutes": 4,
            "ip_address": "40.71.45.88",
            "ip_tags": null,
            "ip_version": "IPv4",
            "location": "eastus",
            "name": "RgOne-01-PublicIP",
            "public_ip_prefix_id": null,
            "resource_group_name": "RgOne-RG",
            "reverse_fqdn": null,
            "sku": "Basic",
            "sku_tier": "Regional",
            "tags": {
              "environment": "Test"
            },
            "timeouts": null,
            "zones": []
          },
          "sensitive_attributes": [],
          "private": "eyJlMmJmYjczMC1lY2FhLTExZTYtOGY4OC0zNDM2M2JjN2M0YzAiOnsiY3JlYXRlIjoxODAwMDAwMDAwMDAwLCJkZWxldGUiOjE4MDAwMDAwMDAwMDAsInJlYWQiOjMwMDAwMDAwMDAwMCwidXBkYXRlIjoxODAwMDAwMDAwMDAwfX0=",
          "dependencies": [
            "azurerm_resource_group.example_rg"
          ]
        }
      ]
    },
    {
      "mode": "managed",
      "type": "azurerm_resource_group",
      "name": "example_rg",
      "provider": "provider[\"registry.terraform.io/hashicorp/azurerm\"]",
      "instances": [
        {
          "schema_version": 0,
          "attributes": {
            "id": "/subscriptions/9dc6b762-c8ca-4625-bcca-14f73ae7f41c/resourceGroups/RgOne-RG",
            "location": "eastus",
            "name": "RgOne-RG",
            "tags": null,
            "timeouts": null
          },
          "sensitive_attributes": [],
          "private": "eyJlMmJmYjczMC1lY2FhLTExZTYtOGY4OC0zNDM2M2JjN2M0YzAiOnsiY3JlYXRlIjo1NDAwMDAwMDAwMDAwLCJkZWxldGUiOjU0MDAwMDAwMDAwMDAsInJlYWQiOjMwMDAwMDAwMDAwMCwidXBkYXRlIjo1NDAwMDAwMDAwMDAwfX0="
        }
      ]
    },
    {
      "mode": "managed",
      "type": "azurerm_subnet",
      "name": "example_subnet",
      "provider": "provider[\"registry.terraform.io/hashicorp/azurerm\"]",
      "instances": [
        {
          "schema_version": 0,
          "attributes": {
            "address_prefix": "10.0.2.0/24",
            "address_prefixes": [
              "10.0.2.0/24"
            ],
            "delegation": [],
            "enforce_private_link_endpoint_network_policies": false,
            "enforce_private_link_service_network_policies": false,
            "id": "/subscriptions/9dc6b762-c8ca-4625-bcca-14f73ae7f41c/resourceGroups/RgOne-RG/providers/Microsoft.Network/virtualNetworks/RgOne-vnet/subnets/RgOne-subnet",
            "name": "RgOne-subnet",
            "resource_group_name": "RgOne-RG",
            "service_endpoint_policy_ids": null,
            "service_endpoints": null,
            "timeouts": null,
            "virtual_network_name": "RgOne-vnet"
          },
          "sensitive_attributes": [],
          "private": "eyJlMmJmYjczMC1lY2FhLTExZTYtOGY4OC0zNDM2M2JjN2M0YzAiOnsiY3JlYXRlIjoxODAwMDAwMDAwMDAwLCJkZWxldGUiOjE4MDAwMDAwMDAwMDAsInJlYWQiOjMwMDAwMDAwMDAwMCwidXBkYXRlIjoxODAwMDAwMDAwMDAwfX0=",
          "dependencies": [
            "azurerm_resource_group.example_rg",
            "azurerm_virtual_network.example_vnet"
          ]
        }
      ]
    },
    {
      "mode": "managed",
      "type": "azurerm_subnet_network_security_group_association",
      "name": "example_subnet_nsg_association",
      "provider": "provider[\"registry.terraform.io/hashicorp/azurerm\"]",
      "instances": [
        {
          "schema_version": 0,
          "attributes": {
            "id": "/subscriptions/9dc6b762-c8ca-4625-bcca-14f73ae7f41c/resourceGroups/RgOne-RG/providers/Microsoft.Network/virtualNetworks/RgOne-vnet/subnets/RgOne-subnet",
            "network_security_group_id": "/subscriptions/9dc6b762-c8ca-4625-bcca-14f73ae7f41c/resourceGroups/RgOne-RG/providers/Microsoft.Network/networkSecurityGroups/RgOne-NSG",
            "subnet_id": "/subscriptions/9dc6b762-c8ca-4625-bcca-14f73ae7f41c/resourceGroups/RgOne-RG/providers/Microsoft.Network/virtualNetworks/RgOne-vnet/subnets/RgOne-subnet",
            "timeouts": null
          },
          "sensitive_attributes": [],
          "private": "eyJlMmJmYjczMC1lY2FhLTExZTYtOGY4OC0zNDM2M2JjN2M0YzAiOnsiY3JlYXRlIjoxODAwMDAwMDAwMDAwLCJkZWxldGUiOjE4MDAwMDAwMDAwMDAsInJlYWQiOjMwMDAwMDAwMDAwMCwidXBkYXRlIjoxODAwMDAwMDAwMDAwfX0=",
          "dependencies": [
            "azurerm_network_security_group.example_nsg",
            "azurerm_resource_group.example_rg",
            "azurerm_subnet.example_subnet",
            "azurerm_virtual_network.example_vnet"
          ]
        }
      ]
    },
    {
      "mode": "managed",
      "type": "azurerm_virtual_network",
      "name": "example_vnet",
      "provider": "provider[\"registry.terraform.io/hashicorp/azurerm\"]",
      "instances": [
        {
          "schema_version": 0,
          "attributes": {
            "address_space": [
              "10.0.0.0/16"
            ],
            "bgp_community": "",
            "ddos_protection_plan": [],
            "dns_servers": [],
            "guid": "47b0254b-68dd-4bd5-9902-b78ebb7734c2",
            "id": "/subscriptions/9dc6b762-c8ca-4625-bcca-14f73ae7f41c/resourceGroups/RgOne-RG/providers/Microsoft.Network/virtualNetworks/RgOne-vnet",
            "location": "eastus",
            "name": "RgOne-vnet",
            "resource_group_name": "RgOne-RG",
            "subnet": [],
            "tags": null,
            "timeouts": null,
            "vm_protection_enabled": false
          },
          "sensitive_attributes": [],
          "private": "eyJlMmJmYjczMC1lY2FhLTExZTYtOGY4OC0zNDM2M2JjN2M0YzAiOnsiY3JlYXRlIjoxODAwMDAwMDAwMDAwLCJkZWxldGUiOjE4MDAwMDAwMDAwMDAsInJlYWQiOjMwMDAwMDAwMDAwMCwidXBkYXRlIjoxODAwMDAwMDAwMDAwfX0=",
          "dependencies": [
            "azurerm_resource_group.example_rg"
          ]
        }
      ]
    }
  ]
}
